
Microsoft Visual Studio Solution File, Format Version 12.00
# Visual Studio 15
VisualStudioVersion = 15.0.27004.2009
MinimumVisualStudioVersion = 10.0.40219.1
Project("{FAE04EC0-301F-11D3-BF4B-00C04F79EFBC}") = "Finished-PictureBot_Regex", "Finished-PictureBot_Regex\Finished-PictureBot_Regex.csproj", "{B3569BA8-CE73-4044-9239-D6B2C7638656}"
EndProject
Global
	GlobalSection(SolutionConfigurationPlatforms) = preSolution
		Debug|Any CPU = Debug|Any CPU
		Release|Any CPU = Release|Any CPU
	EndGlobalSection
	GlobalSection(ProjectConfigurationPlatforms) = postSolution
		{B3569BA8-CE73-4044-9239-D6B2C7638656}.Debug|Any CPU.ActiveCfg = Debug|Any CPU
		{B3569BA8-CE73-4044-9239-D6B2C7638656}.Debug|Any CPU.Build.0 = Debug|Any CPU
		{B3569BA8-CE73-4044-9239-D6B2C7638656}.Release|Any CPU.ActiveCfg = Release|Any CPU
		{B3569BA8-CE73-4044-9239-D6B2C7638656}.Release|Any CPU.Build.0 = Release|Any CPU
	EndGlobalSection
	GlobalSection(SolutionProperties) = preSolution
		HideSolutionNode = FALSE
	EndGlobalSection
	GlobalSection(ExtensibilityGlobals) = postSolution
		SolutionGuid = {3FA9E537-2704-4C50-BD96-D9F9AD73EB8C}
	EndGlobalSection
EndGlobal
